
Microsoft Visual Studio Solution File, Format Version 12.00
# Visual Studio 15
Project("{FAE04EC0-301F-11D3-BF4B-00C04F79EFBC}") = "Snaker-master.Plugins", "Snaker-master.Plugins.csproj", "{881CB299-4C49-718E-36E5-216E82C13D31}"
EndProject
Project("{FAE04EC0-301F-11D3-BF4B-00C04F79EFBC}") = "Snaker-master", "Snaker-master.csproj", "{6AD37BCC-B098-8650-CC8C-7E623EA7F5F3}"
EndProject
Project("{FAE04EC0-301F-11D3-BF4B-00C04F79EFBC}") = "Snaker-master.Editor", "Snaker-master.Editor.csproj", "{B79CA052-87E7-00AA-F65C-A1F4D38ACFD9}"
EndProject
Global
	GlobalSection(SolutionConfigurationPlatforms) = preSolution
		Debug|Any CPU = Debug|Any CPU
		Release|Any CPU = Release|Any CPU
	EndGlobalSection
	GlobalSection(ProjectConfigurationPlatforms) = postSolution
		{881CB299-4C49-718E-36E5-216E82C13D31}.Debug|Any CPU.ActiveCfg = Debug|Any CPU
		{881CB299-4C49-718E-36E5-216E82C13D31}.Debug|Any CPU.Build.0 = Debug|Any CPU
		{881CB299-4C49-718E-36E5-216E82C13D31}.Release|Any CPU.ActiveCfg = Release|Any CPU
		{881CB299-4C49-718E-36E5-216E82C13D31}.Release|Any CPU.Build.0 = Release|Any CPU
		{6AD37BCC-B098-8650-CC8C-7E623EA7F5F3}.Debug|Any CPU.ActiveCfg = Debug|Any CPU
		{6AD37BCC-B098-8650-CC8C-7E623EA7F5F3}.Debug|Any CPU.Build.0 = Debug|Any CPU
		{6AD37BCC-B098-8650-CC8C-7E623EA7F5F3}.Release|Any CPU.ActiveCfg = Release|Any CPU
		{6AD37BCC-B098-8650-CC8C-7E623EA7F5F3}.Release|Any CPU.Build.0 = Release|Any CPU
		{B79CA052-87E7-00AA-F65C-A1F4D38ACFD9}.Debug|Any CPU.ActiveCfg = Debug|Any CPU
		{B79CA052-87E7-00AA-F65C-A1F4D38ACFD9}.Debug|Any CPU.Build.0 = Debug|Any CPU
		{B79CA052-87E7-00AA-F65C-A1F4D38ACFD9}.Release|Any CPU.ActiveCfg = Release|Any CPU
		{B79CA052-87E7-00AA-F65C-A1F4D38ACFD9}.Release|Any CPU.Build.0 = Release|Any CPU
	EndGlobalSection
	GlobalSection(SolutionProperties) = preSolution
		HideSolutionNode = FALSE
	EndGlobalSection
EndGlobal
